
Microsoft Visual Studio Solution File, Format Version 12.00
# Visual Studio Version 16
VisualStudioVersion = 16.0.29503.13
MinimumVisualStudioVersion = 10.0.40219.1
Project("{FAE04EC0-301F-11D3-BF4B-00C04F79EFBC}") = "CS-PathSnapping", "CS-PathSnapping\CS-PathSnapping.csproj", "{FB9C6047-C9AF-4C17-B283-7A323E94E6A5}"
EndProject
Global
	GlobalSection(SolutionConfigurationPlatforms) = preSolution
		Debug|Any CPU = Debug|Any CPU
		Release|Any CPU = Release|Any CPU
	EndGlobalSection
	GlobalSection(ProjectConfigurationPlatforms) = postSolution
		{FB9C6047-C9AF-4C17-B283-7A323E94E6A5}.Debug|Any CPU.ActiveCfg = Debug|Any CPU
		{FB9C6047-C9AF-4C17-B283-7A323E94E6A5}.Debug|Any CPU.Build.0 = Debug|Any CPU
		{FB9C6047-C9AF-4C17-B283-7A323E94E6A5}.Release|Any CPU.ActiveCfg = Release|Any CPU
		{FB9C6047-C9AF-4C17-B283-7A323E94E6A5}.Release|Any CPU.Build.0 = Release|Any CPU
	EndGlobalSection
	GlobalSection(SolutionProperties) = preSolution
		HideSolutionNode = FALSE
	EndGlobalSection
	GlobalSection(ExtensibilityGlobals) = postSolution
		SolutionGuid = {BB9C2663-2557-49AF-A321-DA3FF9844C9A}
	EndGlobalSection
EndGlobal
